
Microsoft Visual Studio Solution File, Format Version 12.00
# Visual Studio 14
VisualStudioVersion = 14.0.25123.0
MinimumVisualStudioVersion = 10.0.40219.1
Project("{FAE04EC0-301F-11D3-BF4B-00C04F79EFBC}") = "ProcardWPF", "ProcardWPF\ProcardWPF.csproj", "{5AFB3208-9A3B-4C98-B9AA-D5C8EFF5B795}"
EndProject
Project("{FAE04EC0-301F-11D3-BF4B-00C04F79EFBC}") = "Devices", "Devices\Devices.csproj", "{ED72A15C-B298-496E-BFDC-0E7961342E01}"
EndProject
Project("{FAE04EC0-301F-11D3-BF4B-00C04F79EFBC}") = "Common", "Common\Common.csproj", "{3475F69C-F2ED-4E1D-82E4-079DF6F462F5}"
EndProject
Project("{FAE04EC0-301F-11D3-BF4B-00C04F79EFBC}") = "SmartModule", "SmartModule\SmartModule.csproj", "{05F26FD6-3A9A-4377-83FC-746B6B2E86FE}"
EndProject
Project("{FAE04EC0-301F-11D3-BF4B-00C04F79EFBC}") = "dxp01sdk", "dxp01sdk\dxp01sdk.csproj", "{30D37BE2-E46F-49FD-B75C-15207F38D62A}"
EndProject
Project("{FAE04EC0-301F-11D3-BF4B-00C04F79EFBC}") = "HugeLib", "..\OstCardCollection\HugeLib\HugeLib\HugeLib.csproj", "{EB06A641-B0CA-4983-AEE8-5413487AB64D}"
EndProject
Project("{6141683F-8A12-4E36-9623-2EB02B2C2303}") = "Setup", "Setup\Setup.isproj", "{7B7DE28E-543C-4C73-A0E9-4FDE56B9BBB3}"
	ProjectSection(ProjectDependencies) = postProject
		{5AFB3208-9A3B-4C98-B9AA-D5C8EFF5B795} = {5AFB3208-9A3B-4C98-B9AA-D5C8EFF5B795}
	EndProjectSection
EndProject
Global
	GlobalSection(SolutionConfigurationPlatforms) = preSolution
		CD_ROM|Any CPU = CD_ROM|Any CPU
		Debug|Any CPU = Debug|Any CPU
		DVD-5|Any CPU = DVD-5|Any CPU
		Release|Any CPU = Release|Any CPU
		SingleImage|Any CPU = SingleImage|Any CPU
	EndGlobalSection
	GlobalSection(ProjectConfigurationPlatforms) = postSolution
		{5AFB3208-9A3B-4C98-B9AA-D5C8EFF5B795}.CD_ROM|Any CPU.ActiveCfg = Release|Any CPU
		{5AFB3208-9A3B-4C98-B9AA-D5C8EFF5B795}.CD_ROM|Any CPU.Build.0 = Release|Any CPU
		{5AFB3208-9A3B-4C98-B9AA-D5C8EFF5B795}.Debug|Any CPU.ActiveCfg = Debug|Any CPU
		{5AFB3208-9A3B-4C98-B9AA-D5C8EFF5B795}.Debug|Any CPU.Build.0 = Debug|Any CPU
		{5AFB3208-9A3B-4C98-B9AA-D5C8EFF5B795}.DVD-5|Any CPU.ActiveCfg = Debug|Any CPU
		{5AFB3208-9A3B-4C98-B9AA-D5C8EFF5B795}.DVD-5|Any CPU.Build.0 = Debug|Any CPU
		{5AFB3208-9A3B-4C98-B9AA-D5C8EFF5B795}.Release|Any CPU.ActiveCfg = Release|Any CPU
		{5AFB3208-9A3B-4C98-B9AA-D5C8EFF5B795}.Release|Any CPU.Build.0 = Release|Any CPU
		{5AFB3208-9A3B-4C98-B9AA-D5C8EFF5B795}.SingleImage|Any CPU.ActiveCfg = Release|Any CPU
		{5AFB3208-9A3B-4C98-B9AA-D5C8EFF5B795}.SingleImage|Any CPU.Build.0 = Release|Any CPU
		{ED72A15C-B298-496E-BFDC-0E7961342E01}.CD_ROM|Any CPU.ActiveCfg = Release|Any CPU
		{ED72A15C-B298-496E-BFDC-0E7961342E01}.CD_ROM|Any CPU.Build.0 = Release|Any CPU
		{ED72A15C-B298-496E-BFDC-0E7961342E01}.Debug|Any CPU.ActiveCfg = Debug|Any CPU
		{ED72A15C-B298-496E-BFDC-0E7961342E01}.Debug|Any CPU.Build.0 = Debug|Any CPU
		{ED72A15C-B298-496E-BFDC-0E7961342E01}.DVD-5|Any CPU.ActiveCfg = Debug|Any CPU
		{ED72A15C-B298-496E-BFDC-0E7961342E01}.DVD-5|Any CPU.Build.0 = Debug|Any CPU
		{ED72A15C-B298-496E-BFDC-0E7961342E01}.Release|Any CPU.ActiveCfg = Release|Any CPU
		{ED72A15C-B298-496E-BFDC-0E7961342E01}.Release|Any CPU.Build.0 = Release|Any CPU
		{ED72A15C-B298-496E-BFDC-0E7961342E01}.SingleImage|Any CPU.ActiveCfg = Release|Any CPU
		{ED72A15C-B298-496E-BFDC-0E7961342E01}.SingleImage|Any CPU.Build.0 = Release|Any CPU
		{3475F69C-F2ED-4E1D-82E4-079DF6F462F5}.CD_ROM|Any CPU.ActiveCfg = Release|Any CPU
		{3475F69C-F2ED-4E1D-82E4-079DF6F462F5}.CD_ROM|Any CPU.Build.0 = Release|Any CPU
		{3475F69C-F2ED-4E1D-82E4-079DF6F462F5}.Debug|Any CPU.ActiveCfg = Debug|Any CPU
		{3475F69C-F2ED-4E1D-82E4-079DF6F462F5}.Debug|Any CPU.Build.0 = Debug|Any CPU
		{3475F69C-F2ED-4E1D-82E4-079DF6F462F5}.DVD-5|Any CPU.ActiveCfg = Debug|Any CPU
		{3475F69C-F2ED-4E1D-82E4-079DF6F462F5}.DVD-5|Any CPU.Build.0 = Debug|Any CPU
		{3475F69C-F2ED-4E1D-82E4-079DF6F462F5}.Release|Any CPU.ActiveCfg = Release|Any CPU
		{3475F69C-F2ED-4E1D-82E4-079DF6F462F5}.Release|Any CPU.Build.0 = Release|Any CPU
		{3475F69C-F2ED-4E1D-82E4-079DF6F462F5}.SingleImage|Any CPU.ActiveCfg = Release|Any CPU
		{3475F69C-F2ED-4E1D-82E4-079DF6F462F5}.SingleImage|Any CPU.Build.0 = Release|Any CPU
		{05F26FD6-3A9A-4377-83FC-746B6B2E86FE}.CD_ROM|Any CPU.ActiveCfg = Release|Any CPU
		{05F26FD6-3A9A-4377-83FC-746B6B2E86FE}.CD_ROM|Any CPU.Build.0 = Release|Any CPU
		{05F26FD6-3A9A-4377-83FC-746B6B2E86FE}.Debug|Any CPU.ActiveCfg = Debug|Any CPU
		{05F26FD6-3A9A-4377-83FC-746B6B2E86FE}.Debug|Any CPU.Build.0 = Debug|Any CPU
		{05F26FD6-3A9A-4377-83FC-746B6B2E86FE}.DVD-5|Any CPU.ActiveCfg = Debug|Any CPU
		{05F26FD6-3A9A-4377-83FC-746B6B2E86FE}.DVD-5|Any CPU.Build.0 = Debug|Any CPU
		{05F26FD6-3A9A-4377-83FC-746B6B2E86FE}.Release|Any CPU.ActiveCfg = Release|Any CPU
		{05F26FD6-3A9A-4377-83FC-746B6B2E86FE}.Release|Any CPU.Build.0 = Release|Any CPU
		{05F26FD6-3A9A-4377-83FC-746B6B2E86FE}.SingleImage|Any CPU.ActiveCfg = Release|Any CPU
		{05F26FD6-3A9A-4377-83FC-746B6B2E86FE}.SingleImage|Any CPU.Build.0 = Release|Any CPU
		{30D37BE2-E46F-49FD-B75C-15207F38D62A}.CD_ROM|Any CPU.ActiveCfg = Release|Any CPU
		{30D37BE2-E46F-49FD-B75C-15207F38D62A}.CD_ROM|Any CPU.Build.0 = Release|Any CPU
		{30D37BE2-E46F-49FD-B75C-15207F38D62A}.Debug|Any CPU.ActiveCfg = Debug|Any CPU
		{30D37BE2-E46F-49FD-B75C-15207F38D62A}.Debug|Any CPU.Build.0 = Debug|Any CPU
		{30D37BE2-E46F-49FD-B75C-15207F38D62A}.DVD-5|Any CPU.ActiveCfg = Debug|Any CPU
		{30D37BE2-E46F-49FD-B75C-15207F38D62A}.DVD-5|Any CPU.Build.0 = Debug|Any CPU
		{30D37BE2-E46F-49FD-B75C-15207F38D62A}.Release|Any CPU.ActiveCfg = Release|Any CPU
		{30D37BE2-E46F-49FD-B75C-15207F38D62A}.Release|Any CPU.Build.0 = Release|Any CPU
		{30D37BE2-E46F-49FD-B75C-15207F38D62A}.SingleImage|Any CPU.ActiveCfg = Release|Any CPU
		{30D37BE2-E46F-49FD-B75C-15207F38D62A}.SingleImage|Any CPU.Build.0 = Release|Any CPU
		{EB06A641-B0CA-4983-AEE8-5413487AB64D}.CD_ROM|Any CPU.ActiveCfg = Release|Any CPU
		{EB06A641-B0CA-4983-AEE8-5413487AB64D}.CD_ROM|Any CPU.Build.0 = Release|Any CPU
		{EB06A641-B0CA-4983-AEE8-5413487AB64D}.Debug|Any CPU.ActiveCfg = Debug|Any CPU
		{EB06A641-B0CA-4983-AEE8-5413487AB64D}.Debug|Any CPU.Build.0 = Debug|Any CPU
		{EB06A641-B0CA-4983-AEE8-5413487AB64D}.DVD-5|Any CPU.ActiveCfg = Debug|Any CPU
		{EB06A641-B0CA-4983-AEE8-5413487AB64D}.DVD-5|Any CPU.Build.0 = Debug|Any CPU
		{EB06A641-B0CA-4983-AEE8-5413487AB64D}.Release|Any CPU.ActiveCfg = Release|Any CPU
		{EB06A641-B0CA-4983-AEE8-5413487AB64D}.Release|Any CPU.Build.0 = Release|Any CPU
		{EB06A641-B0CA-4983-AEE8-5413487AB64D}.SingleImage|Any CPU.ActiveCfg = Release|Any CPU
		{EB06A641-B0CA-4983-AEE8-5413487AB64D}.SingleImage|Any CPU.Build.0 = Release|Any CPU
		{7B7DE28E-543C-4C73-A0E9-4FDE56B9BBB3}.CD_ROM|Any CPU.ActiveCfg = CD_ROM
		{7B7DE28E-543C-4C73-A0E9-4FDE56B9BBB3}.CD_ROM|Any CPU.Build.0 = CD_ROM
		{7B7DE28E-543C-4C73-A0E9-4FDE56B9BBB3}.Debug|Any CPU.ActiveCfg = DVD-5
		{7B7DE28E-543C-4C73-A0E9-4FDE56B9BBB3}.Debug|Any CPU.Build.0 = DVD-5
		{7B7DE28E-543C-4C73-A0E9-4FDE56B9BBB3}.DVD-5|Any CPU.ActiveCfg = DVD-5
		{7B7DE28E-543C-4C73-A0E9-4FDE56B9BBB3}.DVD-5|Any CPU.Build.0 = DVD-5
		{7B7DE28E-543C-4C73-A0E9-4FDE56B9BBB3}.Release|Any CPU.ActiveCfg = SingleImage
		{7B7DE28E-543C-4C73-A0E9-4FDE56B9BBB3}.Release|Any CPU.Build.0 = SingleImage
		{7B7DE28E-543C-4C73-A0E9-4FDE56B9BBB3}.SingleImage|Any CPU.ActiveCfg = SingleImage
		{7B7DE28E-543C-4C73-A0E9-4FDE56B9BBB3}.SingleImage|Any CPU.Build.0 = SingleImage
	EndGlobalSection
	GlobalSection(SolutionProperties) = preSolution
		HideSolutionNode = FALSE
	EndGlobalSection
	GlobalSection(TeamFoundationVersionControl) = preSolution
		SccNumberOfProjects = 1
		SccEnterpriseProvider = {4CA58AB2-18FA-4F8D-95D4-32DDF27D184C}
		SccTeamFoundationServer = http://vcs:8080/tfs/ostcard%20collection
		SccProjectUniqueName0 = ..\\OstCardCollection\\HugeLib\\HugeLib\\HugeLib.csproj
		SccProjectName0 = $/HugeLib/HugeLib
		SccAuxPath0 = http://vcs:8080/tfs/ostcard%20collection
		SccLocalPath0 = ..\\OstCardCollection\\HugeLib\\HugeLib
		SccProvider0 = {4CA58AB2-18FA-4F8D-95D4-32DDF27D184C}
	EndGlobalSection
EndGlobal
